
Microsoft Visual Studio Solution File, Format Version 12.00
# Visual Studio Version 16
VisualStudioVersion = 16.0.31624.102
MinimumVisualStudioVersion = 10.0.40219.1
Project("{FAE04EC0-301F-11D3-BF4B-00C04F79EFBC}") = "TestDrivenDevelopmentMS549", "TestDrivenDevelopmentMS549\TestDrivenDevelopmentMS549.csproj", "{5992D9DC-8109-4FCE-B00E-1C72EF21805B}"
EndProject
Project("{FAE04EC0-301F-11D3-BF4B-00C04F79EFBC}") = "TDDMS549Tests", "TDDMS549Tests\TDDMS549Tests.csproj", "{1331EEF3-8AAC-4631-8733-49D13B6954FE}"
EndProject
Global
	GlobalSection(SolutionConfigurationPlatforms) = preSolution
		Debug|Any CPU = Debug|Any CPU
		Release|Any CPU = Release|Any CPU
	EndGlobalSection
	GlobalSection(ProjectConfigurationPlatforms) = postSolution
		{5992D9DC-8109-4FCE-B00E-1C72EF21805B}.Debug|Any CPU.ActiveCfg = Debug|Any CPU
		{5992D9DC-8109-4FCE-B00E-1C72EF21805B}.Debug|Any CPU.Build.0 = Debug|Any CPU
		{5992D9DC-8109-4FCE-B00E-1C72EF21805B}.Release|Any CPU.ActiveCfg = Release|Any CPU
		{5992D9DC-8109-4FCE-B00E-1C72EF21805B}.Release|Any CPU.Build.0 = Release|Any CPU
		{1331EEF3-8AAC-4631-8733-49D13B6954FE}.Debug|Any CPU.ActiveCfg = Debug|Any CPU
		{1331EEF3-8AAC-4631-8733-49D13B6954FE}.Debug|Any CPU.Build.0 = Debug|Any CPU
		{1331EEF3-8AAC-4631-8733-49D13B6954FE}.Release|Any CPU.ActiveCfg = Release|Any CPU
		{1331EEF3-8AAC-4631-8733-49D13B6954FE}.Release|Any CPU.Build.0 = Release|Any CPU
	EndGlobalSection
	GlobalSection(SolutionProperties) = preSolution
		HideSolutionNode = FALSE
	EndGlobalSection
	GlobalSection(ExtensibilityGlobals) = postSolution
		SolutionGuid = {3AFC3148-F6AA-496D-85EB-8CDF1C383D90}
	EndGlobalSection
EndGlobal
